
Microsoft Visual Studio Solution File, Format Version 12.00
# Visual Studio Version 17
VisualStudioVersion = 17.4.33213.308
MinimumVisualStudioVersion = 10.0.40219.1
Project("{FAE04EC0-301F-11D3-BF4B-00C04F79EFBC}") = "Botiga", "Botiga\Botiga.csproj", "{9E36DC87-B987-4EB7-AA7C-555E52155574}"
EndProject
Global
	GlobalSection(SolutionConfigurationPlatforms) = preSolution
		Debug|Any CPU = Debug|Any CPU
		Release|Any CPU = Release|Any CPU
	EndGlobalSection
	GlobalSection(ProjectConfigurationPlatforms) = postSolution
		{9E36DC87-B987-4EB7-AA7C-555E52155574}.Debug|Any CPU.ActiveCfg = Debug|Any CPU
		{9E36DC87-B987-4EB7-AA7C-555E52155574}.Debug|Any CPU.Build.0 = Debug|Any CPU
		{9E36DC87-B987-4EB7-AA7C-555E52155574}.Release|Any CPU.ActiveCfg = Release|Any CPU
		{9E36DC87-B987-4EB7-AA7C-555E52155574}.Release|Any CPU.Build.0 = Release|Any CPU
	EndGlobalSection
	GlobalSection(SolutionProperties) = preSolution
		HideSolutionNode = FALSE
	EndGlobalSection
	GlobalSection(ExtensibilityGlobals) = postSolution
		SolutionGuid = {307E2D84-6DA7-4F92-AB34-1F54E5DF57F4}
	EndGlobalSection
EndGlobal
